{
  "name": "simulate",
  "lockfileVersion": 3,
  "requires": true,
  "packages": {
    "": {
      "workspaces": [
        "packages/bus",
        "packages/topo",
        "packages/utils",
        "packages/spatial",
        "packages/world",
        "packages/elevation"
      ]
    },
    "node_modules/@orbital/bus": {
      "resolved": "packages/bus",
      "link": true
    },
    "node_modules/@orbital/elevation": {
      "resolved": "packages/elevation",
      "link": true
    },
    "node_modules/@orbital/spatial": {
      "resolved": "packages/spatial",
      "link": true
    },
    "node_modules/@orbital/topo": {
      "resolved": "packages/topo",
      "link": true
    },
    "node_modules/@orbital/utils": {
      "resolved": "packages/utils",
      "link": true
    },
    "node_modules/@orbital/world": {
      "resolved": "packages/world",
      "link": true
    },
    "packages/bus": {
      "name": "@orbital/bus",
      "version": "2.0.0",
      "dependencies": {
        "@orbital/utils": "file:../utils"
      },
      "bin": {
        "bus": "run.js"
      }
    },
    "packages/elevation": {
      "name": "@orbital/elevation",
      "version": "1.0.0",
      "dependencies": {
        "@orbital/utils": "*"
      }
    },
    "packages/spatial": {
      "name": "@orbital/spatial",
      "version": "1.0.0",
      "dependencies": {
        "@orbital/bus": "file:../bus"
      }
    },
    "packages/topo": {
      "name": "@orbital/topo",
      "version": "0.0.0",
      "dependencies": {
        "@orbital/utils": "file:../utils"
      }
    },
    "packages/utils": {
      "name": "@orbital/utils",
      "version": "2.0.0"
    },
    "packages/volume": {
      "name": "@orbital/volume",
      "version": "1.0.0",
      "extraneous": true,
      "dependencies": {
        "@orbital/bus": "file:../bus"
      }
    },
    "packages/world": {
      "name": "@orbital/world",
      "version": "1.0.0"
    }
  }
}
